// !$*UTF8*$!
{
	archiveVersion = 1;
	classes = {
	};
	objectVersion = 48;
	objects = {

/* Begin PBXBuildFile section */
		CB2126FB2077A6F300C4CBF6 /* Interface.storyboard in Resources */ = {isa = PBXBuildFile; fileRef = CB2126F92077A6F300C4CBF6 /* Interface.storyboard */; };
		CB2126FD2077A6F300C4CBF6 /* Assets.xcassets in Resources */ = {isa = PBXBuildFile; fileRef = CB2126FC2077A6F300C4CBF6 /* Assets.xcassets */; };
		CB2127042077A6F300C4CBF6 /* WatchTest Extension.appex in Embed App Extensions */ = {isa = PBXBuildFile; fileRef = CB2127032077A6F300C4CBF6 /* WatchTest Extension.appex */; settings = {ATTRIBUTES = (RemoveHeadersOnCopy, ); }; };
		CB21270A2077A6F300C4CBF6 /* InterfaceController.m in Sources */ = {isa = PBXBuildFile; fileRef = CB2127092077A6F300C4CBF6 /* InterfaceController.m */; };
		CB21270D2077A6F300C4CBF6 /* ExtensionDelegate.m in Sources */ = {isa = PBXBuildFile; fileRef = CB21270C2077A6F300C4CBF6 /* ExtensionDelegate.m */; };
		CB21270F2077A6F300C4CBF6 /* Assets.xcassets in Resources */ = {isa = PBXBuildFile; fileRef = CB21270E2077A6F300C4CBF6 /* Assets.xcassets */; };
		CB2127132077A6F300C4CBF6 /* WatchTest.app in Embed Watch Content */ = {isa = PBXBuildFile; fileRef = CB2126F72077A6F300C4CBF6 /* WatchTest.app */; };
		CB21272F2077B4AC00C4CBF6 /* SHPartner.framework in Frameworks */ = {isa = PBXBuildFile; fileRef = CB2127252077B40200C4CBF6 /* SHPartner.framework */; };
		CB44E68B2076089000C27497 /* AppDelegate.m in Sources */ = {isa = PBXBuildFile; fileRef = CB44E68A2076089000C27497 /* AppDelegate.m */; };
		CB44E68E2076089000C27497 /* ViewController.m in Sources */ = {isa = PBXBuildFile; fileRef = CB44E68D2076089000C27497 /* ViewController.m */; };
		CB44E6912076089000C27497 /* Main.storyboard in Resources */ = {isa = PBXBuildFile; fileRef = CB44E68F2076089000C27497 /* Main.storyboard */; };
		CB44E6932076089000C27497 /* Assets.xcassets in Resources */ = {isa = PBXBuildFile; fileRef = CB44E6922076089000C27497 /* Assets.xcassets */; };
		CB44E6962076089000C27497 /* LaunchScreen.storyboard in Resources */ = {isa = PBXBuildFile; fileRef = CB44E6942076089000C27497 /* LaunchScreen.storyboard */; };
		CB44E6992076089000C27497 /* main.m in Sources */ = {isa = PBXBuildFile; fileRef = CB44E6982076089000C27497 /* main.m */; };
		CBE8610C2080B92300D326AF /* NotificationCenter.framework in Frameworks */ = {isa = PBXBuildFile; fileRef = CB04C021208093BC00EAD393 /* NotificationCenter.framework */; };
		CBE861102080B92300D326AF /* TodayViewController.m in Sources */ = {isa = PBXBuildFile; fileRef = CBE8610F2080B92300D326AF /* TodayViewController.m */; };
		CBE861132080B92300D326AF /* MainInterface.storyboard in Resources */ = {isa = PBXBuildFile; fileRef = CBE861112080B92300D326AF /* MainInterface.storyboard */; };
		CBE861172080B92300D326AF /* ExtensionTest.appex in Embed App Extensions */ = {isa = PBXBuildFile; fileRef = CBE8610B2080B92300D326AF /* ExtensionTest.appex */; settings = {ATTRIBUTES = (RemoveHeadersOnCopy, ); }; };
		CBE861202080DD4B00D326AF /* SHPartner.framework in Frameworks */ = {isa = PBXBuildFile; fileRef = CB2127232077B40200C4CBF6 /* SHPartner.framework */; settings = {ATTRIBUTES = (Weak, ); }; };
		CBEA885A207F53D800856D60 /* SHPartner.framework in Frameworks */ = {isa = PBXBuildFile; fileRef = CB2127232077B40200C4CBF6 /* SHPartner.framework */; };
/* End PBXBuildFile section */

/* Begin PBXContainerItemProxy section */
		CB2127052077A6F300C4CBF6 /* PBXContainerItemProxy */ = {
			isa = PBXContainerItemProxy;
			containerPortal = CB44E67E2076089000C27497 /* Project object */;
			proxyType = 1;
			remoteGlobalIDString = CB2127022077A6F300C4CBF6;
			remoteInfo = "WatchTest Extension";
		};
		CB2127112077A6F300C4CBF6 /* PBXContainerItemProxy */ = {
			isa = PBXContainerItemProxy;
			containerPortal = CB44E67E2076089000C27497 /* Project object */;
			proxyType = 1;
			remoteGlobalIDString = CB2126F62077A6F300C4CBF6;
			remoteInfo = WatchTest;
		};
		CB2127222077B40200C4CBF6 /* PBXContainerItemProxy */ = {
			isa = PBXContainerItemProxy;
			containerPortal = CB21271C2077B40200C4CBF6 /* SHPartner.xcodeproj */;
			proxyType = 2;
			remoteGlobalIDString = CB52FEC3207409C40076ADEE;
			remoteInfo = SHPartner;
		};
		CB2127242077B40200C4CBF6 /* PBXContainerItemProxy */ = {
			isa = PBXContainerItemProxy;
			containerPortal = CB21271C2077B40200C4CBF6 /* SHPartner.xcodeproj */;
			proxyType = 2;
			remoteGlobalIDString = CB44E62C207566EE00C27497;
			remoteInfo = "SHPartner-watch";
		};
		CB2127292077B4A400C4CBF6 /* PBXContainerItemProxy */ = {
			isa = PBXContainerItemProxy;
			containerPortal = CB21271C2077B40200C4CBF6 /* SHPartner.xcodeproj */;
			proxyType = 1;
			remoteGlobalIDString = CB44E62B207566EE00C27497;
			remoteInfo = "SHPartner-watch";
		};
		CBE861152080B92300D326AF /* PBXContainerItemProxy */ = {
			isa = PBXContainerItemProxy;
			containerPortal = CB44E67E2076089000C27497 /* Project object */;
			proxyType = 1;
			remoteGlobalIDString = CBE8610A2080B92300D326AF;
			remoteInfo = ExtensionTest;
		};
		CBE8611C2080DD0F00D326AF /* PBXContainerItemProxy */ = {
			isa = PBXContainerItemProxy;
			containerPortal = CB21271C2077B40200C4CBF6 /* SHPartner.xcodeproj */;
			proxyType = 1;
			remoteGlobalIDString = CB52FEC2207409C40076ADEE;
			remoteInfo = SHPartner;
		};
		CBE8611E2080DD3100D326AF /* PBXContainerItemProxy */ = {
			isa = PBXContainerItemProxy;
			containerPortal = CB21271C2077B40200C4CBF6 /* SHPartner.xcodeproj */;
			proxyType = 1;
			remoteGlobalIDString = CB52FEC2207409C40076ADEE;
			remoteInfo = SHPartner;
		};
/* End PBXContainerItemProxy section */

/* Begin PBXCopyFilesBuildPhase section */
		CB04C02D208093BC00EAD393 /* Embed App Extensions */ = {
			isa = PBXCopyFilesBuildPhase;
			buildActionMask = 2147483647;
			dstPath = "";
			dstSubfolderSpec = 13;
			files = (
				CBE861172080B92300D326AF /* ExtensionTest.appex in Embed App Extensions */,
			);
			name = "Embed App Extensions";
			runOnlyForDeploymentPostprocessing = 0;
		};
		CB2127172077A6F300C4CBF6 /* Embed App Extensions */ = {
			isa = PBXCopyFilesBuildPhase;
			buildActionMask = 2147483647;
			dstPath = "";
			dstSubfolderSpec = 13;
			files = (
				CB2127042077A6F300C4CBF6 /* WatchTest Extension.appex in Embed App Extensions */,
			);
			name = "Embed App Extensions";
			runOnlyForDeploymentPostprocessing = 0;
		};
		CB44E6B0207608C200C27497 /* Embed Frameworks */ = {
			isa = PBXCopyFilesBuildPhase;
			buildActionMask = 2147483647;
			dstPath = "";
			dstSubfolderSpec = 10;
			files = (
			);
			name = "Embed Frameworks";
			runOnlyForDeploymentPostprocessing = 0;
		};
		CB44E6D02076093E00C27497 /* Embed Watch Content */ = {
			isa = PBXCopyFilesBuildPhase;
			buildActionMask = 2147483647;
			dstPath = "$(CONTENTS_FOLDER_PATH)/Watch";
			dstSubfolderSpec = 16;
			files = (
				CB2127132077A6F300C4CBF6 /* WatchTest.app in Embed Watch Content */,
			);
			name = "Embed Watch Content";
			runOnlyForDeploymentPostprocessing = 0;
		};
/* End PBXCopyFilesBuildPhase section */

/* Begin PBXFileReference section */
		CB04C021208093BC00EAD393 /* NotificationCenter.framework */ = {isa = PBXFileReference; lastKnownFileType = wrapper.framework; name = NotificationCenter.framework; path = System/Library/Frameworks/NotificationCenter.framework; sourceTree = SDKROOT; };
		CB2126F72077A6F300C4CBF6 /* WatchTest.app */ = {isa = PBXFileReference; explicitFileType = wrapper.application; includeInIndex = 0; path = WatchTest.app; sourceTree = BUILT_PRODUCTS_DIR; };
		CB2126FA2077A6F300C4CBF6 /* Base */ = {isa = PBXFileReference; lastKnownFileType = file.storyboard; name = Base; path = Base.lproj/Interface.storyboard; sourceTree = "<group>"; };
		CB2126FC2077A6F300C4CBF6 /* Assets.xcassets */ = {isa = PBXFileReference; lastKnownFileType = folder.assetcatalog; path = Assets.xcassets; sourceTree = "<group>"; };
		CB2126FE2077A6F300C4CBF6 /* Info.plist */ = {isa = PBXFileReference; lastKnownFileType = text.plist.xml; path = Info.plist; sourceTree = "<group>"; };
		CB2127032077A6F300C4CBF6 /* WatchTest Extension.appex */ = {isa = PBXFileReference; explicitFileType = "wrapper.app-extension"; includeInIndex = 0; path = "WatchTest Extension.appex"; sourceTree = BUILT_PRODUCTS_DIR; };
		CB2127082077A6F300C4CBF6 /* InterfaceController.h */ = {isa = PBXFileReference; lastKnownFileType = sourcecode.c.h; path = InterfaceController.h; sourceTree = "<group>"; };
		CB2127092077A6F300C4CBF6 /* InterfaceController.m */ = {isa = PBXFileReference; lastKnownFileType = sourcecode.c.objc; path = InterfaceController.m; sourceTree = "<group>"; };
		CB21270B2077A6F300C4CBF6 /* ExtensionDelegate.h */ = {isa = PBXFileReference; lastKnownFileType = sourcecode.c.h; path = ExtensionDelegate.h; sourceTree = "<group>"; };
		CB21270C2077A6F300C4CBF6 /* ExtensionDelegate.m */ = {isa = PBXFileReference; lastKnownFileType = sourcecode.c.objc; path = ExtensionDelegate.m; sourceTree = "<group>"; };
		CB21270E2077A6F300C4CBF6 /* Assets.xcassets */ = {isa = PBXFileReference; lastKnownFileType = folder.assetcatalog; path = Assets.xcassets; sourceTree = "<group>"; };
		CB2127102077A6F300C4CBF6 /* Info.plist */ = {isa = PBXFileReference; lastKnownFileType = text.plist.xml; path = Info.plist; sourceTree = "<group>"; };
		CB21271C2077B40200C4CBF6 /* SHPartner.xcodeproj */ = {isa = PBXFileReference; lastKnownFileType = "wrapper.pb-project"; name = SHPartner.xcodeproj; path = SHPartner/SHPartner.xcodeproj; sourceTree = "<group>"; };
		CB44E6862076089000C27497 /* Test.app */ = {isa = PBXFileReference; explicitFileType = wrapper.application; includeInIndex = 0; path = Test.app; sourceTree = BUILT_PRODUCTS_DIR; };
		CB44E6892076089000C27497 /* AppDelegate.h */ = {isa = PBXFileReference; lastKnownFileType = sourcecode.c.h; path = AppDelegate.h; sourceTree = "<group>"; };
		CB44E68A2076089000C27497 /* AppDelegate.m */ = {isa = PBXFileReference; lastKnownFileType = sourcecode.c.objc; path = AppDelegate.m; sourceTree = "<group>"; };
		CB44E68C2076089000C27497 /* ViewController.h */ = {isa = PBXFileReference; lastKnownFileType = sourcecode.c.h; path = ViewController.h; sourceTree = "<group>"; };
		CB44E68D2076089000C27497 /* ViewController.m */ = {isa = PBXFileReference; lastKnownFileType = sourcecode.c.objc; path = ViewController.m; sourceTree = "<group>"; };
		CB44E6902076089000C27497 /* Base */ = {isa = PBXFileReference; lastKnownFileType = file.storyboard; name = Base; path = Base.lproj/Main.storyboard; sourceTree = "<group>"; };
		CB44E6922076089000C27497 /* Assets.xcassets */ = {isa = PBXFileReference; lastKnownFileType = folder.assetcatalog; path = Assets.xcassets; sourceTree = "<group>"; };
		CB44E6952076089000C27497 /* Base */ = {isa = PBXFileReference; lastKnownFileType = file.storyboard; name = Base; path = Base.lproj/LaunchScreen.storyboard; sourceTree = "<group>"; };
		CB44E6972076089000C27497 /* Info.plist */ = {isa = PBXFileReference; lastKnownFileType = text.plist.xml; path = Info.plist; sourceTree = "<group>"; };
		CB44E6982076089000C27497 /* main.m */ = {isa = PBXFileReference; lastKnownFileType = sourcecode.c.objc; path = main.m; sourceTree = "<group>"; };
		CBE8610B2080B92300D326AF /* ExtensionTest.appex */ = {isa = PBXFileReference; explicitFileType = "wrapper.app-extension"; includeInIndex = 0; path = ExtensionTest.appex; sourceTree = BUILT_PRODUCTS_DIR; };
		CBE8610E2080B92300D326AF /* TodayViewController.h */ = {isa = PBXFileReference; lastKnownFileType = sourcecode.c.h; path = TodayViewController.h; sourceTree = "<group>"; };
		CBE8610F2080B92300D326AF /* TodayViewController.m */ = {isa = PBXFileReference; lastKnownFileType = sourcecode.c.objc; path = TodayViewController.m; sourceTree = "<group>"; };
		CBE861122080B92300D326AF /* Base */ = {isa = PBXFileReference; lastKnownFileType = file.storyboard; name = Base; path = Base.lproj/MainInterface.storyboard; sourceTree = "<group>"; };
		CBE861142080B92300D326AF /* Info.plist */ = {isa = PBXFileReference; lastKnownFileType = text.plist.xml; path = Info.plist; sourceTree = "<group>"; };
/* End PBXFileReference section */

/* Begin PBXFrameworksBuildPhase section */
		CB2127002077A6F300C4CBF6 /* Frameworks */ = {
			isa = PBXFrameworksBuildPhase;
			buildActionMask = 2147483647;
			files = (
				CB21272F2077B4AC00C4CBF6 /* SHPartner.framework in Frameworks */,
			);
			runOnlyForDeploymentPostprocessing = 0;
		};
		CB44E6832076089000C27497 /* Frameworks */ = {
			isa = PBXFrameworksBuildPhase;
			buildActionMask = 2147483647;
			files = (
				CBEA885A207F53D800856D60 /* SHPartner.framework in Frameworks */,
			);
			runOnlyForDeploymentPostprocessing = 0;
		};
		CBE861082080B92300D326AF /* Frameworks */ = {
			isa = PBXFrameworksBuildPhase;
			buildActionMask = 2147483647;
			files = (
				CBE861202080DD4B00D326AF /* SHPartner.framework in Frameworks */,
				CBE8610C2080B92300D326AF /* NotificationCenter.framework in Frameworks */,
			);
			runOnlyForDeploymentPostprocessing = 0;
		};
/* End PBXFrameworksBuildPhase section */

/* Begin PBXGroup section */
		CB2126F82077A6F300C4CBF6 /* WatchTest */ = {
			isa = PBXGroup;
			children = (
				CB2126F92077A6F300C4CBF6 /* Interface.storyboard */,
				CB2126FC2077A6F300C4CBF6 /* Assets.xcassets */,
				CB2126FE2077A6F300C4CBF6 /* Info.plist */,
			);
			path = WatchTest;
			sourceTree = "<group>";
		};
		CB2127072077A6F300C4CBF6 /* WatchTest Extension */ = {
			isa = PBXGroup;
			children = (
				CB2127082077A6F300C4CBF6 /* InterfaceController.h */,
				CB2127092077A6F300C4CBF6 /* InterfaceController.m */,
				CB21270B2077A6F300C4CBF6 /* ExtensionDelegate.h */,
				CB21270C2077A6F300C4CBF6 /* ExtensionDelegate.m */,
				CB21270E2077A6F300C4CBF6 /* Assets.xcassets */,
				CB2127102077A6F300C4CBF6 /* Info.plist */,
			);
			path = "WatchTest Extension";
			sourceTree = "<group>";
		};
		CB21271D2077B40200C4CBF6 /* Products */ = {
			isa = PBXGroup;
			children = (
				CB2127232077B40200C4CBF6 /* SHPartner.framework */,
				CB2127252077B40200C4CBF6 /* SHPartner.framework */,
			);
			name = Products;
			sourceTree = "<group>";
		};
		CB21272E2077B4AC00C4CBF6 /* Frameworks */ = {
			isa = PBXGroup;
			children = (
				CB04C021208093BC00EAD393 /* NotificationCenter.framework */,
			);
			name = Frameworks;
			sourceTree = "<group>";
		};
		CB44E67D2076089000C27497 = {
			isa = PBXGroup;
			children = (
				CB21271C2077B40200C4CBF6 /* SHPartner.xcodeproj */,
				CB44E6882076089000C27497 /* Test */,
				CB2126F82077A6F300C4CBF6 /* WatchTest */,
				CB2127072077A6F300C4CBF6 /* WatchTest Extension */,
				CBE8610D2080B92300D326AF /* ExtensionTest */,
				CB44E6872076089000C27497 /* Products */,
				CB21272E2077B4AC00C4CBF6 /* Frameworks */,
			);
			sourceTree = "<group>";
		};
		CB44E6872076089000C27497 /* Products */ = {
			isa = PBXGroup;
			children = (
				CB44E6862076089000C27497 /* Test.app */,
				CB2126F72077A6F300C4CBF6 /* WatchTest.app */,
				CB2127032077A6F300C4CBF6 /* WatchTest Extension.appex */,
				CBE8610B2080B92300D326AF /* ExtensionTest.appex */,
			);
			name = Products;
			sourceTree = "<group>";
		};
		CB44E6882076089000C27497 /* Test */ = {
			isa = PBXGroup;
			children = (
				CB44E6892076089000C27497 /* AppDelegate.h */,
				CB44E68A2076089000C27497 /* AppDelegate.m */,
				CB44E68C2076089000C27497 /* ViewController.h */,
				CB44E68D2076089000C27497 /* ViewController.m */,
				CB44E68F2076089000C27497 /* Main.storyboard */,
				CB44E6922076089000C27497 /* Assets.xcassets */,
				CB44E6942076089000C27497 /* LaunchScreen.storyboard */,
				CB44E6972076089000C27497 /* Info.plist */,
				CB44E6982076089000C27497 /* main.m */,
			);
			path = Test;
			sourceTree = "<group>";
		};
		CBE8610D2080B92300D326AF /* ExtensionTest */ = {
			isa = PBXGroup;
			children = (
				CBE8610E2080B92300D326AF /* TodayViewController.h */,
				CBE8610F2080B92300D326AF /* TodayViewController.m */,
				CBE861112080B92300D326AF /* MainInterface.storyboard */,
				CBE861142080B92300D326AF /* Info.plist */,
			);
			path = ExtensionTest;
			sourceTree = "<group>";
		};
/* End PBXGroup section */

/* Begin PBXNativeTarget section */
		CB2126F62077A6F300C4CBF6 /* WatchTest */ = {
			isa = PBXNativeTarget;
			buildConfigurationList = CB2127182077A6F300C4CBF6 /* Build configuration list for PBXNativeTarget "WatchTest" */;
			buildPhases = (
				CB2126F52077A6F300C4CBF6 /* Resources */,
				CB2127172077A6F300C4CBF6 /* Embed App Extensions */,
			);
			buildRules = (
			);
			dependencies = (
				CB2127062077A6F300C4CBF6 /* PBXTargetDependency */,
			);
			name = WatchTest;
			productName = WatchTest;
			productReference = CB2126F72077A6F300C4CBF6 /* WatchTest.app */;
			productType = "com.apple.product-type.application.watchapp2";
		};
		CB2127022077A6F300C4CBF6 /* WatchTest Extension */ = {
			isa = PBXNativeTarget;
			buildConfigurationList = CB2127142077A6F300C4CBF6 /* Build configuration list for PBXNativeTarget "WatchTest Extension" */;
			buildPhases = (
				CB2126FF2077A6F300C4CBF6 /* Sources */,
				CB2127002077A6F300C4CBF6 /* Frameworks */,
				CB2127012077A6F300C4CBF6 /* Resources */,
			);
			buildRules = (
			);
			dependencies = (
				CB21272A2077B4A400C4CBF6 /* PBXTargetDependency */,
			);
			name = "WatchTest Extension";
			productName = "WatchTest Extension";
			productReference = CB2127032077A6F300C4CBF6 /* WatchTest Extension.appex */;
			productType = "com.apple.product-type.watchkit2-extension";
		};
		CB44E6852076089000C27497 /* Test */ = {
			isa = PBXNativeTarget;
			buildConfigurationList = CB44E69C2076089000C27497 /* Build configuration list for PBXNativeTarget "Test" */;
			buildPhases = (
				CB44E6822076089000C27497 /* Sources */,
				CB44E6832076089000C27497 /* Frameworks */,
				CB44E6842076089000C27497 /* Resources */,
				CB44E6B0207608C200C27497 /* Embed Frameworks */,
				CB44E6D02076093E00C27497 /* Embed Watch Content */,
				CB04C02D208093BC00EAD393 /* Embed App Extensions */,
			);
			buildRules = (
			);
			dependencies = (
				CBE8611D2080DD0F00D326AF /* PBXTargetDependency */,
				CB2127122077A6F300C4CBF6 /* PBXTargetDependency */,
				CBE861162080B92300D326AF /* PBXTargetDependency */,
			);
			name = Test;
			productName = Test;
			productReference = CB44E6862076089000C27497 /* Test.app */;
			productType = "com.apple.product-type.application";
		};
		CBE8610A2080B92300D326AF /* ExtensionTest */ = {
			isa = PBXNativeTarget;
			buildConfigurationList = CBE861182080B92300D326AF /* Build configuration list for PBXNativeTarget "ExtensionTest" */;
			buildPhases = (
				CBE861072080B92300D326AF /* Sources */,
				CBE861082080B92300D326AF /* Frameworks */,
				CBE861092080B92300D326AF /* Resources */,
			);
			buildRules = (
			);
			dependencies = (
				CBE8611F2080DD3100D326AF /* PBXTargetDependency */,
			);
			name = ExtensionTest;
			productName = ExtensionTest;
			productReference = CBE8610B2080B92300D326AF /* ExtensionTest.appex */;
			productType = "com.apple.product-type.app-extension";
		};
/* End PBXNativeTarget section */

/* Begin PBXProject section */
		CB44E67E2076089000C27497 /* Project object */ = {
			isa = PBXProject;
			attributes = {
				LastSwiftUpdateCheck = 0920;
				LastUpgradeCheck = 0920;
				ORGANIZATIONNAME = "Deutsche Telekom AG";
				TargetAttributes = {
					CB2126F62077A6F300C4CBF6 = {
						CreatedOnToolsVersion = 9.2;
						ProvisioningStyle = Automatic;
					};
					CB2127022077A6F300C4CBF6 = {
						CreatedOnToolsVersion = 9.2;
						ProvisioningStyle = Automatic;
					};
					CB44E6852076089000C27497 = {
						CreatedOnToolsVersion = 9.2;
						ProvisioningStyle = Automatic;
					};
					CBE8610A2080B92300D326AF = {
						CreatedOnToolsVersion = 9.2;
						ProvisioningStyle = Automatic;
					};
				};
			};
			buildConfigurationList = CB44E6812076089000C27497 /* Build configuration list for PBXProject "Test" */;
			compatibilityVersion = "Xcode 8.0";
			developmentRegion = en;
			hasScannedForEncodings = 0;
			knownRegions = (
				en,
				Base,
			);
			mainGroup = CB44E67D2076089000C27497;
			productRefGroup = CB44E6872076089000C27497 /* Products */;
			projectDirPath = "";
			projectReferences = (
				{
					ProductGroup = CB21271D2077B40200C4CBF6 /* Products */;
					ProjectRef = CB21271C2077B40200C4CBF6 /* SHPartner.xcodeproj */;
				},
			);
			projectRoot = "";
			targets = (
				CB44E6852076089000C27497 /* Test */,
				CB2126F62077A6F300C4CBF6 /* WatchTest */,
				CB2127022077A6F300C4CBF6 /* WatchTest Extension */,
				CBE8610A2080B92300D326AF /* ExtensionTest */,
			);
		};
/* End PBXProject section */

/* Begin PBXReferenceProxy section */
		CB2127232077B40200C4CBF6 /* SHPartner.framework */ = {
			isa = PBXReferenceProxy;
			fileType = wrapper.framework;
			path = SHPartner.framework;
			remoteRef = CB2127222077B40200C4CBF6 /* PBXContainerItemProxy */;
			sourceTree = BUILT_PRODUCTS_DIR;
		};
		CB2127252077B40200C4CBF6 /* SHPartner.framework */ = {
			isa = PBXReferenceProxy;
			fileType = wrapper.framework;
			path = SHPartner.framework;
			remoteRef = CB2127242077B40200C4CBF6 /* PBXContainerItemProxy */;
			sourceTree = BUILT_PRODUCTS_DIR;
		};
/* End PBXReferenceProxy section */

/* Begin PBXResourcesBuildPhase section */
		CB2126F52077A6F300C4CBF6 /* Resources */ = {
			isa = PBXResourcesBuildPhase;
			buildActionMask = 2147483647;
			files = (
				CB2126FD2077A6F300C4CBF6 /* Assets.xcassets in Resources */,
				CB2126FB2077A6F300C4CBF6 /* Interface.storyboard in Resources */,
			);
			runOnlyForDeploymentPostprocessing = 0;
		};
		CB2127012077A6F300C4CBF6 /* Resources */ = {
			isa = PBXResourcesBuildPhase;
			buildActionMask = 2147483647;
			files = (
				CB21270F2077A6F300C4CBF6 /* Assets.xcassets in Resources */,
			);
			runOnlyForDeploymentPostprocessing = 0;
		};
		CB44E6842076089000C27497 /* Resources */ = {
			isa = PBXResourcesBuildPhase;
			buildActionMask = 2147483647;
			files = (
				CB44E6962076089000C27497 /* LaunchScreen.storyboard in Resources */,
				CB44E6932076089000C27497 /* Assets.xcassets in Resources */,
				CB44E6912076089000C27497 /* Main.storyboard in Resources */,
			);
			runOnlyForDeploymentPostprocessing = 0;
		};
		CBE861092080B92300D326AF /* Resources */ = {
			isa = PBXResourcesBuildPhase;
			buildActionMask = 2147483647;
			files = (
				CBE861132080B92300D326AF /* MainInterface.storyboard in Resources */,
			);
			runOnlyForDeploymentPostprocessing = 0;
		};
/* End PBXResourcesBuildPhase section */

/* Begin PBXSourcesBuildPhase section */
		CB2126FF2077A6F300C4CBF6 /* Sources */ = {
			isa = PBXSourcesBuildPhase;
			buildActionMask = 2147483647;
			files = (
				CB21270D2077A6F300C4CBF6 /* ExtensionDelegate.m in Sources */,
				CB21270A2077A6F300C4CBF6 /* InterfaceController.m in Sources */,
			);
			runOnlyForDeploymentPostprocessing = 0;
		};
		CB44E6822076089000C27497 /* Sources */ = {
			isa = PBXSourcesBuildPhase;
			buildActionMask = 2147483647;
			files = (
				CB44E68E2076089000C27497 /* ViewController.m in Sources */,
				CB44E6992076089000C27497 /* main.m in Sources */,
				CB44E68B2076089000C27497 /* AppDelegate.m in Sources */,
			);
			runOnlyForDeploymentPostprocessing = 0;
		};
		CBE861072080B92300D326AF /* Sources */ = {
			isa = PBXSourcesBuildPhase;
			buildActionMask = 2147483647;
			files = (
				CBE861102080B92300D326AF /* TodayViewController.m in Sources */,
			);
			runOnlyForDeploymentPostprocessing = 0;
		};
/* End PBXSourcesBuildPhase section */

/* Begin PBXTargetDependency section */
		CB2127062077A6F300C4CBF6 /* PBXTargetDependency */ = {
			isa = PBXTargetDependency;
			target = CB2127022077A6F300C4CBF6 /* WatchTest Extension */;
			targetProxy = CB2127052077A6F300C4CBF6 /* PBXContainerItemProxy */;
		};
		CB2127122077A6F300C4CBF6 /* PBXTargetDependency */ = {
			isa = PBXTargetDependency;
			target = CB2126F62077A6F300C4CBF6 /* WatchTest */;
			targetProxy = CB2127112077A6F300C4CBF6 /* PBXContainerItemProxy */;
		};
		CB21272A2077B4A400C4CBF6 /* PBXTargetDependency */ = {
			isa = PBXTargetDependency;
			name = "SHPartner-watch";
			targetProxy = CB2127292077B4A400C4CBF6 /* PBXContainerItemProxy */;
		};
		CBE861162080B92300D326AF /* PBXTargetDependency */ = {
			isa = PBXTargetDependency;
			target = CBE8610A2080B92300D326AF /* ExtensionTest */;
			targetProxy = CBE861152080B92300D326AF /* PBXContainerItemProxy */;
		};
		CBE8611D2080DD0F00D326AF /* PBXTargetDependency */ = {
			isa = PBXTargetDependency;
			name = SHPartner;
			targetProxy = CBE8611C2080DD0F00D326AF /* PBXContainerItemProxy */;
		};
		CBE8611F2080DD3100D326AF /* PBXTargetDependency */ = {
			isa = PBXTargetDependency;
			name = SHPartner;
			targetProxy = CBE8611E2080DD3100D326AF /* PBXContainerItemProxy */;
		};
/* End PBXTargetDependency section */

/* Begin PBXVariantGroup section */
		CB2126F92077A6F300C4CBF6 /* Interface.storyboard */ = {
			isa = PBXVariantGroup;
			children = (
				CB2126FA2077A6F300C4CBF6 /* Base */,
			);
			name = Interface.storyboard;
			sourceTree = "<group>";
		};
		CB44E68F2076089000C27497 /* Main.storyboard */ = {
			isa = PBXVariantGroup;
			children = (
				CB44E6902076089000C27497 /* Base */,
			);
			name = Main.storyboard;
			sourceTree = "<group>";
		};
		CB44E6942076089000C27497 /* LaunchScreen.storyboard */ = {
			isa = PBXVariantGroup;
			children = (
				CB44E6952076089000C27497 /* Base */,
			);
			name = LaunchScreen.storyboard;
			sourceTree = "<group>";
		};
		CBE861112080B92300D326AF /* MainInterface.storyboard */ = {
			isa = PBXVariantGroup;
			children = (
				CBE861122080B92300D326AF /* Base */,
			);
			name = MainInterface.storyboard;
			sourceTree = "<group>";
		};
/* End PBXVariantGroup section */

/* Begin XCBuildConfiguration section */
		CB2127152077A6F300C4CBF6 /* Debug */ = {
			isa = XCBuildConfiguration;
			buildSettings = {
				ASSETCATALOG_COMPILER_COMPLICATION_NAME = Complication;
				CODE_SIGN_STYLE = Automatic;
				DEVELOPMENT_TEAM = M3DTZN9V9B;
				INFOPLIST_FILE = "WatchTest Extension/Info.plist";
				LD_RUNPATH_SEARCH_PATHS = "$(inherited) @executable_path/Frameworks @executable_path/../../Frameworks";
				PRODUCT_BUNDLE_IDENTIFIER = de.telekom.Test.watchkitapp.watchkitextension;
				PRODUCT_NAME = "${TARGET_NAME}";
				SDKROOT = watchos;
				SKIP_INSTALL = YES;
				TARGETED_DEVICE_FAMILY = 4;
				WATCHOS_DEPLOYMENT_TARGET = 4.2;
			};
			name = Debug;
		};
		CB2127162077A6F300C4CBF6 /* Release */ = {
			isa = XCBuildConfiguration;
			buildSettings = {
				ASSETCATALOG_COMPILER_COMPLICATION_NAME = Complication;
				CODE_SIGN_STYLE = Automatic;
				DEVELOPMENT_TEAM = M3DTZN9V9B;
				INFOPLIST_FILE = "WatchTest Extension/Info.plist";
				LD_RUNPATH_SEARCH_PATHS = "$(inherited) @executable_path/Frameworks @executable_path/../../Frameworks";
				PRODUCT_BUNDLE_IDENTIFIER = de.telekom.Test.watchkitapp.watchkitextension;
				PRODUCT_NAME = "${TARGET_NAME}";
				SDKROOT = watchos;
				SKIP_INSTALL = YES;
				TARGETED_DEVICE_FAMILY = 4;
				WATCHOS_DEPLOYMENT_TARGET = 4.2;
			};
			name = Release;
		};
		CB2127192077A6F300C4CBF6 /* Debug */ = {
			isa = XCBuildConfiguration;
			buildSettings = {
				ASSETCATALOG_COMPILER_APPICON_NAME = AppIcon;
				CODE_SIGN_STYLE = Automatic;
				DEVELOPMENT_TEAM = M3DTZN9V9B;
				IBSC_MODULE = WatchTest_Extension;
				INFOPLIST_FILE = WatchTest/Info.plist;
				PRODUCT_BUNDLE_IDENTIFIER = de.telekom.Test.watchkitapp;
				PRODUCT_NAME = "$(TARGET_NAME)";
				SDKROOT = watchos;
				SKIP_INSTALL = YES;
				TARGETED_DEVICE_FAMILY = 4;
				WATCHOS_DEPLOYMENT_TARGET = 4.2;
			};
			name = Debug;
		};
		CB21271A2077A6F300C4CBF6 /* Release */ = {
			isa = XCBuildConfiguration;
			buildSettings = {
				ASSETCATALOG_COMPILER_APPICON_NAME = AppIcon;
				CODE_SIGN_STYLE = Automatic;
				DEVELOPMENT_TEAM = M3DTZN9V9B;
				IBSC_MODULE = WatchTest_Extension;
				INFOPLIST_FILE = WatchTest/Info.plist;
				PRODUCT_BUNDLE_IDENTIFIER = de.telekom.Test.watchkitapp;
				PRODUCT_NAME = "$(TARGET_NAME)";
				SDKROOT = watchos;
				SKIP_INSTALL = YES;
				TARGETED_DEVICE_FAMILY = 4;
				WATCHOS_DEPLOYMENT_TARGET = 4.2;
			};
			name = Release;
		};
		CB44E69A2076089000C27497 /* Debug */ = {
			isa = XCBuildConfiguration;
			buildSettings = {
				ALWAYS_SEARCH_USER_PATHS = NO;
				CLANG_ANALYZER_NONNULL = YES;
				CLANG_ANALYZER_NUMBER_OBJECT_CONVERSION = YES_AGGRESSIVE;
				CLANG_CXX_LANGUAGE_STANDARD = "gnu++14";
				CLANG_CXX_LIBRARY = "libc++";
				CLANG_ENABLE_MODULES = YES;
				CLANG_ENABLE_OBJC_ARC = YES;
				CLANG_WARN_BLOCK_CAPTURE_AUTORELEASING = YES;
				CLANG_WARN_BOOL_CONVERSION = YES;
				CLANG_WARN_COMMA = YES;
				CLANG_WARN_CONSTANT_CONVERSION = YES;
				CLANG_WARN_DIRECT_OBJC_ISA_USAGE = YES_ERROR;
				CLANG_WARN_DOCUMENTATION_COMMENTS = YES;
				CLANG_WARN_EMPTY_BODY = YES;
				CLANG_WARN_ENUM_CONVERSION = YES;
				CLANG_WARN_INFINITE_RECURSION = YES;
				CLANG_WARN_INT_CONVERSION = YES;
				CLANG_WARN_NON_LITERAL_NULL_CONVERSION = YES;
				CLANG_WARN_OBJC_LITERAL_CONVERSION = YES;
				CLANG_WARN_OBJC_ROOT_CLASS = YES_ERROR;
				CLANG_WARN_RANGE_LOOP_ANALYSIS = YES;
				CLANG_WARN_STRICT_PROTOTYPES = YES;
				CLANG_WARN_SUSPICIOUS_MOVE = YES;
				CLANG_WARN_UNGUARDED_AVAILABILITY = YES_AGGRESSIVE;
				CLANG_WARN_UNREACHABLE_CODE = YES;
				CLANG_WARN__DUPLICATE_METHOD_MATCH = YES;
				CODE_SIGN_IDENTITY = "iPhone Developer";
				COPY_PHASE_STRIP = NO;
				DEBUG_INFORMATION_FORMAT = dwarf;
				ENABLE_STRICT_OBJC_MSGSEND = YES;
				ENABLE_TESTABILITY = YES;
				GCC_C_LANGUAGE_STANDARD = gnu11;
				GCC_DYNAMIC_NO_PIC = NO;
				GCC_NO_COMMON_BLOCKS = YES;
				GCC_OPTIMIZATION_LEVEL = 0;
				GCC_PREPROCESSOR_DEFINITIONS = (
					"DEBUG=1",
					"$(inherited)",
				);
				GCC_WARN_64_TO_32_BIT_CONVERSION = YES;
				GCC_WARN_ABOUT_RETURN_TYPE = YES_ERROR;
				GCC_WARN_UNDECLARED_SELECTOR = YES;
				GCC_WARN_UNINITIALIZED_AUTOS = YES_AGGRESSIVE;
				GCC_WARN_UNUSED_FUNCTION = YES;
				GCC_WARN_UNUSED_VARIABLE = YES;
				IPHONEOS_DEPLOYMENT_TARGET = 11.2;
				MTL_ENABLE_DEBUG_INFO = YES;
				ONLY_ACTIVE_ARCH = YES;
				SDKROOT = iphoneos;
			};
			name = Debug;
		};
		CB44E69B2076089000C27497 /* Release */ = {
			isa = XCBuildConfiguration;
			buildSettings = {
				ALWAYS_SEARCH_USER_PATHS = NO;
				CLANG_ANALYZER_NONNULL = YES;
				CLANG_ANALYZER_NUMBER_OBJECT_CONVERSION = YES_AGGRESSIVE;
				CLANG_CXX_LANGUAGE_STANDARD = "gnu++14";
				CLANG_CXX_LIBRARY = "libc++";
				CLANG_ENABLE_MODULES = YES;
				CLANG_ENABLE_OBJC_ARC = YES;
				CLANG_WARN_BLOCK_CAPTURE_AUTORELEASING = YES;
				CLANG_WARN_BOOL_CONVERSION = YES;
				CLANG_WARN_COMMA = YES;
				CLANG_WARN_CONSTANT_CONVERSION = YES;
				CLANG_WARN_DIRECT_OBJC_ISA_USAGE = YES_ERROR;
				CLANG_WARN_DOCUMENTATION_COMMENTS = YES;
				CLANG_WARN_EMPTY_BODY = YES;
				CLANG_WARN_ENUM_CONVERSION = YES;
				CLANG_WARN_INFINITE_RECURSION = YES;
				CLANG_WARN_INT_CONVERSION = YES;
				CLANG_WARN_NON_LITERAL_NULL_CONVERSION = YES;
				CLANG_WARN_OBJC_LITERAL_CONVERSION = YES;
				CLANG_WARN_OBJC_ROOT_CLASS = YES_ERROR;
				CLANG_WARN_RANGE_LOOP_ANALYSIS = YES;
				CLANG_WARN_STRICT_PROTOTYPES = YES;
				CLANG_WARN_SUSPICIOUS_MOVE = YES;
				CLANG_WARN_UNGUARDED_AVAILABILITY = YES_AGGRESSIVE;
				CLANG_WARN_UNREACHABLE_CODE = YES;
				CLANG_WARN__DUPLICATE_METHOD_MATCH = YES;
				CODE_SIGN_IDENTITY = "iPhone Developer";
				COPY_PHASE_STRIP = NO;
				DEBUG_INFORMATION_FORMAT = "dwarf-with-dsym";
				ENABLE_NS_ASSERTIONS = NO;
				ENABLE_STRICT_OBJC_MSGSEND = YES;
				GCC_C_LANGUAGE_STANDARD = gnu11;
				GCC_NO_COMMON_BLOCKS = YES;
				GCC_WARN_64_TO_32_BIT_CONVERSION = YES;
				GCC_WARN_ABOUT_RETURN_TYPE = YES_ERROR;
				GCC_WARN_UNDECLARED_SELECTOR = YES;
				GCC_WARN_UNINITIALIZED_AUTOS = YES_AGGRESSIVE;
				GCC_WARN_UNUSED_FUNCTION = YES;
				GCC_WARN_UNUSED_VARIABLE = YES;
				IPHONEOS_DEPLOYMENT_TARGET = 11.2;
				MTL_ENABLE_DEBUG_INFO = NO;
				SDKROOT = iphoneos;
				VALIDATE_PRODUCT = YES;
			};
			name = Release;
		};
		CB44E69D2076089000C27497 /* Debug */ = {
			isa = XCBuildConfiguration;
			buildSettings = {
				ALWAYS_EMBED_SWIFT_STANDARD_LIBRARIES = YES;
				ASSETCATALOG_COMPILER_APPICON_NAME = AppIcon;
				CODE_SIGN_STYLE = Automatic;
				DEVELOPMENT_TEAM = M3DTZN9V9B;
				INFOPLIST_FILE = Test/Info.plist;
				LD_RUNPATH_SEARCH_PATHS = "$(inherited) @executable_path/Frameworks";
				PRODUCT_BUNDLE_IDENTIFIER = de.telekom.Test;
				PRODUCT_NAME = "$(TARGET_NAME)";
				TARGETED_DEVICE_FAMILY = "1,2";
			};
			name = Debug;
		};
		CB44E69E2076089000C27497 /* Release */ = {
			isa = XCBuildConfiguration;
			buildSettings = {
				ALWAYS_EMBED_SWIFT_STANDARD_LIBRARIES = YES;
				ASSETCATALOG_COMPILER_APPICON_NAME = AppIcon;
				CODE_SIGN_STYLE = Automatic;
				DEVELOPMENT_TEAM = M3DTZN9V9B;
				INFOPLIST_FILE = Test/Info.plist;
				LD_RUNPATH_SEARCH_PATHS = "$(inherited) @executable_path/Frameworks";
				PRODUCT_BUNDLE_IDENTIFIER = de.telekom.Test;
				PRODUCT_NAME = "$(TARGET_NAME)";
				TARGETED_DEVICE_FAMILY = "1,2";
			};
			name = Release;
		};
		CBE861192080B92300D326AF /* Debug */ = {
			isa = XCBuildConfiguration;
			buildSettings = {
				ALWAYS_EMBED_SWIFT_STANDARD_LIBRARIES = YES;
				CODE_SIGN_STYLE = Automatic;
				DEVELOPMENT_TEAM = M3DTZN9V9B;
				INFOPLIST_FILE = ExtensionTest/Info.plist;
				LD_RUNPATH_SEARCH_PATHS = "$(inherited) @executable_path/Frameworks @executable_path/../../Frameworks";
				PRODUCT_BUNDLE_IDENTIFIER = de.telekom.Test.ExtensionTest;
				PRODUCT_NAME = "$(TARGET_NAME)";
				SKIP_INSTALL = YES;
				TARGETED_DEVICE_FAMILY = "1,2";
			};
			name = Debug;
		};
		CBE8611A2080B92300D326AF /* Release */ = {
			isa = XCBuildConfiguration;
			buildSettings = {
				ALWAYS_EMBED_SWIFT_STANDARD_LIBRARIES = YES;
				CODE_SIGN_STYLE = Automatic;
				DEVELOPMENT_TEAM = M3DTZN9V9B;
				INFOPLIST_FILE = ExtensionTest/Info.plist;
				LD_RUNPATH_SEARCH_PATHS = "$(inherited) @executable_path/Frameworks @executable_path/../../Frameworks";
				PRODUCT_BUNDLE_IDENTIFIER = de.telekom.Test.ExtensionTest;
				PRODUCT_NAME = "$(TARGET_NAME)";
				SKIP_INSTALL = YES;
				TARGETED_DEVICE_FAMILY = "1,2";
			};
			name = Release;
		};
/* End XCBuildConfiguration section */

/* Begin XCConfigurationList section */
		CB2127142077A6F300C4CBF6 /* Build configuration list for PBXNativeTarget "WatchTest Extension" */ = {
			isa = XCConfigurationList;
			buildConfigurations = (
				CB2127152077A6F300C4CBF6 /* Debug */,
				CB2127162077A6F300C4CBF6 /* Release */,
			);
			defaultConfigurationIsVisible = 0;
			defaultConfigurationName = Release;
		};
		CB2127182077A6F300C4CBF6 /* Build configuration list for PBXNativeTarget "WatchTest" */ = {
			isa = XCConfigurationList;
			buildConfigurations = (
				CB2127192077A6F300C4CBF6 /* Debug */,
				CB21271A2077A6F300C4CBF6 /* Release */,
			);
			defaultConfigurationIsVisible = 0;
			defaultConfigurationName = Release;
		};
		CB44E6812076089000C27497 /* Build configuration list for PBXProject "Test" */ = {
			isa = XCConfigurationList;
			buildConfigurations = (
				CB44E69A2076089000C27497 /* Debug */,
				CB44E69B2076089000C27497 /* Release */,
			);
			defaultConfigurationIsVisible = 0;
			defaultConfigurationName = Release;
		};
		CB44E69C2076089000C27497 /* Build configuration list for PBXNativeTarget "Test" */ = {
			isa = XCConfigurationList;
			buildConfigurations = (
				CB44E69D2076089000C27497 /* Debug */,
				CB44E69E2076089000C27497 /* Release */,
			);
			defaultConfigurationIsVisible = 0;
			defaultConfigurationName = Release;
		};
		CBE861182080B92300D326AF /* Build configuration list for PBXNativeTarget "ExtensionTest" */ = {
			isa = XCConfigurationList;
			buildConfigurations = (
				CBE861192080B92300D326AF /* Debug */,
				CBE8611A2080B92300D326AF /* Release */,
			);
			defaultConfigurationIsVisible = 0;
			defaultConfigurationName = Release;
		};
/* End XCConfigurationList section */
	};
	rootObject = CB44E67E2076089000C27497 /* Project object */;
}
