// !$*UTF8*$!
{
	archiveVersion = 1;
	classes = {
	};
	objectVersion = 48;
	objects = {

/* Begin PBXBuildFile section */
		CB319C4A2074EB170025F676 /* SHPartner.swift in Sources */ = {isa = PBXBuildFile; fileRef = CB319C492074EB170025F676 /* SHPartner.swift */; };
		CB319C4F2074ED010025F676 /* SHPartnerBase.swift in Sources */ = {isa = PBXBuildFile; fileRef = CB319C4E2074ED010025F676 /* SHPartnerBase.swift */; };
		CB44E630207566EE00C27497 /* SHPartner_watch.h in Headers */ = {isa = PBXBuildFile; fileRef = CB44E62E207566EE00C27497 /* SHPartner_watch.h */; settings = {ATTRIBUTES = (Public, ); }; };
		CB44E634207566FC00C27497 /* SHPartnerBase.swift in Sources */ = {isa = PBXBuildFile; fileRef = CB319C4E2074ED010025F676 /* SHPartnerBase.swift */; };
		CB44E635207566FC00C27497 /* SHPartner.swift in Sources */ = {isa = PBXBuildFile; fileRef = CB319C492074EB170025F676 /* SHPartner.swift */; };
		CB52FEC8207409C40076ADEE /* SHPartner.h in Headers */ = {isa = PBXBuildFile; fileRef = CB52FEC6207409C40076ADEE /* SHPartner.h */; settings = {ATTRIBUTES = (Public, ); }; };
/* End PBXBuildFile section */

/* Begin PBXFileReference section */
		CB319C492074EB170025F676 /* SHPartner.swift */ = {isa = PBXFileReference; lastKnownFileType = sourcecode.swift; path = SHPartner.swift; sourceTree = "<group>"; };
		CB319C4E2074ED010025F676 /* SHPartnerBase.swift */ = {isa = PBXFileReference; lastKnownFileType = sourcecode.swift; name = SHPartnerBase.swift; path = ../../SHPartnerBase.swift; sourceTree = "<group>"; };
		CB44E62C207566EE00C27497 /* SHPartner.framework */ = {isa = PBXFileReference; explicitFileType = wrapper.framework; includeInIndex = 0; path = SHPartner.framework; sourceTree = BUILT_PRODUCTS_DIR; };
		CB44E62E207566EE00C27497 /* SHPartner_watch.h */ = {isa = PBXFileReference; lastKnownFileType = sourcecode.c.h; path = SHPartner_watch.h; sourceTree = "<group>"; };
		CB44E62F207566EE00C27497 /* Info.plist */ = {isa = PBXFileReference; lastKnownFileType = text.plist.xml; path = Info.plist; sourceTree = "<group>"; };
		CB52FEC3207409C40076ADEE /* SHPartner.framework */ = {isa = PBXFileReference; explicitFileType = wrapper.framework; includeInIndex = 0; path = SHPartner.framework; sourceTree = BUILT_PRODUCTS_DIR; };
		CB52FEC6207409C40076ADEE /* SHPartner.h */ = {isa = PBXFileReference; lastKnownFileType = sourcecode.c.h; path = SHPartner.h; sourceTree = "<group>"; };
		CB52FEC7207409C40076ADEE /* Info.plist */ = {isa = PBXFileReference; lastKnownFileType = text.plist.xml; path = Info.plist; sourceTree = "<group>"; };
/* End PBXFileReference section */

/* Begin PBXFrameworksBuildPhase section */
		CB44E628207566EE00C27497 /* Frameworks */ = {
			isa = PBXFrameworksBuildPhase;
			buildActionMask = 2147483647;
			files = (
			);
			runOnlyForDeploymentPostprocessing = 0;
		};
		CB52FEBF207409C40076ADEE /* Frameworks */ = {
			isa = PBXFrameworksBuildPhase;
			buildActionMask = 2147483647;
			files = (
			);
			runOnlyForDeploymentPostprocessing = 0;
		};
/* End PBXFrameworksBuildPhase section */

/* Begin PBXGroup section */
		CB44E62D207566EE00C27497 /* SHPartner-watch */ = {
			isa = PBXGroup;
			children = (
				CB44E62E207566EE00C27497 /* SHPartner_watch.h */,
				CB44E62F207566EE00C27497 /* Info.plist */,
			);
			path = "SHPartner-watch";
			sourceTree = "<group>";
		};
		CB52FEB9207409C40076ADEE = {
			isa = PBXGroup;
			children = (
				CB52FEC5207409C40076ADEE /* SHPartner */,
				CB44E62D207566EE00C27497 /* SHPartner-watch */,
				CB52FEC4207409C40076ADEE /* Products */,
			);
			sourceTree = "<group>";
		};
		CB52FEC4207409C40076ADEE /* Products */ = {
			isa = PBXGroup;
			children = (
				CB52FEC3207409C40076ADEE /* SHPartner.framework */,
				CB44E62C207566EE00C27497 /* SHPartner.framework */,
			);
			name = Products;
			sourceTree = "<group>";
		};
		CB52FEC5207409C40076ADEE /* SHPartner */ = {
			isa = PBXGroup;
			children = (
				CB52FEC6207409C40076ADEE /* SHPartner.h */,
				CB52FEC7207409C40076ADEE /* Info.plist */,
				CB319C4E2074ED010025F676 /* SHPartnerBase.swift */,
				CB319C492074EB170025F676 /* SHPartner.swift */,
			);
			path = SHPartner;
			sourceTree = "<group>";
		};
/* End PBXGroup section */

/* Begin PBXHeadersBuildPhase section */
		CB44E629207566EE00C27497 /* Headers */ = {
			isa = PBXHeadersBuildPhase;
			buildActionMask = 2147483647;
			files = (
				CB44E630207566EE00C27497 /* SHPartner_watch.h in Headers */,
			);
			runOnlyForDeploymentPostprocessing = 0;
		};
		CB52FEC0207409C40076ADEE /* Headers */ = {
			isa = PBXHeadersBuildPhase;
			buildActionMask = 2147483647;
			files = (
				CB52FEC8207409C40076ADEE /* SHPartner.h in Headers */,
			);
			runOnlyForDeploymentPostprocessing = 0;
		};
/* End PBXHeadersBuildPhase section */

/* Begin PBXNativeTarget section */
		CB44E62B207566EE00C27497 /* SHPartner-watch */ = {
			isa = PBXNativeTarget;
			buildConfigurationList = CB44E633207566EE00C27497 /* Build configuration list for PBXNativeTarget "SHPartner-watch" */;
			buildPhases = (
				CB44E627207566EE00C27497 /* Sources */,
				CB44E628207566EE00C27497 /* Frameworks */,
				CB44E629207566EE00C27497 /* Headers */,
				CB44E62A207566EE00C27497 /* Resources */,
			);
			buildRules = (
			);
			dependencies = (
			);
			name = "SHPartner-watch";
			productName = "SHPartner-watch";
			productReference = CB44E62C207566EE00C27497 /* SHPartner.framework */;
			productType = "com.apple.product-type.framework";
		};
		CB52FEC2207409C40076ADEE /* SHPartner */ = {
			isa = PBXNativeTarget;
			buildConfigurationList = CB52FECB207409C40076ADEE /* Build configuration list for PBXNativeTarget "SHPartner" */;
			buildPhases = (
				CB52FEBE207409C40076ADEE /* Sources */,
				CB52FEBF207409C40076ADEE /* Frameworks */,
				CB52FEC0207409C40076ADEE /* Headers */,
				CB52FEC1207409C40076ADEE /* Resources */,
			);
			buildRules = (
			);
			dependencies = (
			);
			name = SHPartner;
			productName = SHPartner;
			productReference = CB52FEC3207409C40076ADEE /* SHPartner.framework */;
			productType = "com.apple.product-type.framework";
		};
/* End PBXNativeTarget section */

/* Begin PBXProject section */
		CB52FEBA207409C40076ADEE /* Project object */ = {
			isa = PBXProject;
			attributes = {
				LastUpgradeCheck = 0930;
				ORGANIZATIONNAME = "Deutsche Telekom AG";
				TargetAttributes = {
					CB44E62B207566EE00C27497 = {
						CreatedOnToolsVersion = 9.2;
						ProvisioningStyle = Automatic;
					};
					CB52FEC2207409C40076ADEE = {
						CreatedOnToolsVersion = 9.3;
						LastSwiftMigration = 0920;
						ProvisioningStyle = Automatic;
					};
				};
			};
			buildConfigurationList = CB52FEBD207409C40076ADEE /* Build configuration list for PBXProject "SHPartner" */;
			compatibilityVersion = "Xcode 8.0";
			developmentRegion = en;
			hasScannedForEncodings = 0;
			knownRegions = (
				en,
			);
			mainGroup = CB52FEB9207409C40076ADEE;
			productRefGroup = CB52FEC4207409C40076ADEE /* Products */;
			projectDirPath = "";
			projectRoot = "";
			targets = (
				CB52FEC2207409C40076ADEE /* SHPartner */,
				CB44E62B207566EE00C27497 /* SHPartner-watch */,
			);
		};
/* End PBXProject section */

/* Begin PBXResourcesBuildPhase section */
		CB44E62A207566EE00C27497 /* Resources */ = {
			isa = PBXResourcesBuildPhase;
			buildActionMask = 2147483647;
			files = (
			);
			runOnlyForDeploymentPostprocessing = 0;
		};
		CB52FEC1207409C40076ADEE /* Resources */ = {
			isa = PBXResourcesBuildPhase;
			buildActionMask = 2147483647;
			files = (
			);
			runOnlyForDeploymentPostprocessing = 0;
		};
/* End PBXResourcesBuildPhase section */

/* Begin PBXSourcesBuildPhase section */
		CB44E627207566EE00C27497 /* Sources */ = {
			isa = PBXSourcesBuildPhase;
			buildActionMask = 2147483647;
			files = (
				CB44E634207566FC00C27497 /* SHPartnerBase.swift in Sources */,
				CB44E635207566FC00C27497 /* SHPartner.swift in Sources */,
			);
			runOnlyForDeploymentPostprocessing = 0;
		};
		CB52FEBE207409C40076ADEE /* Sources */ = {
			isa = PBXSourcesBuildPhase;
			buildActionMask = 2147483647;
			files = (
				CB319C4A2074EB170025F676 /* SHPartner.swift in Sources */,
				CB319C4F2074ED010025F676 /* SHPartnerBase.swift in Sources */,
			);
			runOnlyForDeploymentPostprocessing = 0;
		};
/* End PBXSourcesBuildPhase section */

/* Begin XCBuildConfiguration section */
		CB44E631207566EE00C27497 /* Debug */ = {
			isa = XCBuildConfiguration;
			buildSettings = {
				APPLICATION_EXTENSION_API_ONLY = YES;
				CODE_SIGN_IDENTITY = "";
				CODE_SIGN_STYLE = Automatic;
				DEFINES_MODULE = YES;
				DEVELOPMENT_TEAM = M3DTZN9V9B;
				DYLIB_COMPATIBILITY_VERSION = 1;
				DYLIB_CURRENT_VERSION = 1;
				DYLIB_INSTALL_NAME_BASE = "@rpath";
				INFOPLIST_FILE = "SHPartner-watch/Info.plist";
				INSTALL_PATH = "$(LOCAL_LIBRARY_DIR)/Frameworks";
				LD_RUNPATH_SEARCH_PATHS = "$(inherited) @executable_path/Frameworks @loader_path/Frameworks";
				PRODUCT_BUNDLE_IDENTIFIER = "de.telekom.SHPartner-watch";
				PRODUCT_NAME = SHPartner;
				SDKROOT = watchos;
				SKIP_INSTALL = YES;
				SWIFT_VERSION = 4.0;
				TARGETED_DEVICE_FAMILY = 4;
				WATCHOS_DEPLOYMENT_TARGET = 2.2;
			};
			name = Debug;
		};
		CB44E632207566EE00C27497 /* Release */ = {
			isa = XCBuildConfiguration;
			buildSettings = {
				APPLICATION_EXTENSION_API_ONLY = YES;
				CODE_SIGN_IDENTITY = "";
				CODE_SIGN_STYLE = Automatic;
				DEFINES_MODULE = YES;
				DEVELOPMENT_TEAM = M3DTZN9V9B;
				DYLIB_COMPATIBILITY_VERSION = 1;
				DYLIB_CURRENT_VERSION = 1;
				DYLIB_INSTALL_NAME_BASE = "@rpath";
				INFOPLIST_FILE = "SHPartner-watch/Info.plist";
				INSTALL_PATH = "$(LOCAL_LIBRARY_DIR)/Frameworks";
				LD_RUNPATH_SEARCH_PATHS = "$(inherited) @executable_path/Frameworks @loader_path/Frameworks";
				PRODUCT_BUNDLE_IDENTIFIER = "de.telekom.SHPartner-watch";
				PRODUCT_NAME = SHPartner;
				SDKROOT = watchos;
				SKIP_INSTALL = YES;
				SWIFT_OPTIMIZATION_LEVEL = "-Owholemodule";
				SWIFT_VERSION = 4.0;
				TARGETED_DEVICE_FAMILY = 4;
				WATCHOS_DEPLOYMENT_TARGET = 2.2;
			};
			name = Release;
		};
		CB52FEC9207409C40076ADEE /* Debug */ = {
			isa = XCBuildConfiguration;
			buildSettings = {
				ALWAYS_SEARCH_USER_PATHS = NO;
				CLANG_ANALYZER_NONNULL = YES;
				CLANG_ANALYZER_NUMBER_OBJECT_CONVERSION = YES_AGGRESSIVE;
				CLANG_CXX_LANGUAGE_STANDARD = "gnu++14";
				CLANG_CXX_LIBRARY = "libc++";
				CLANG_ENABLE_MODULES = YES;
				CLANG_ENABLE_OBJC_ARC = YES;
				CLANG_ENABLE_OBJC_WEAK = YES;
				CLANG_WARN_BLOCK_CAPTURE_AUTORELEASING = YES;
				CLANG_WARN_BOOL_CONVERSION = YES;
				CLANG_WARN_COMMA = YES;
				CLANG_WARN_CONSTANT_CONVERSION = YES;
				CLANG_WARN_DEPRECATED_OBJC_IMPLEMENTATIONS = YES;
				CLANG_WARN_DIRECT_OBJC_ISA_USAGE = YES_ERROR;
				CLANG_WARN_DOCUMENTATION_COMMENTS = YES;
				CLANG_WARN_EMPTY_BODY = YES;
				CLANG_WARN_ENUM_CONVERSION = YES;
				CLANG_WARN_INFINITE_RECURSION = YES;
				CLANG_WARN_INT_CONVERSION = YES;
				CLANG_WARN_NON_LITERAL_NULL_CONVERSION = YES;
				CLANG_WARN_OBJC_IMPLICIT_RETAIN_SELF = YES;
				CLANG_WARN_OBJC_LITERAL_CONVERSION = YES;
				CLANG_WARN_OBJC_ROOT_CLASS = YES_ERROR;
				CLANG_WARN_RANGE_LOOP_ANALYSIS = YES;
				CLANG_WARN_STRICT_PROTOTYPES = YES;
				CLANG_WARN_SUSPICIOUS_MOVE = YES;
				CLANG_WARN_UNGUARDED_AVAILABILITY = YES_AGGRESSIVE;
				CLANG_WARN_UNREACHABLE_CODE = YES;
				CLANG_WARN__DUPLICATE_METHOD_MATCH = YES;
				CODE_SIGN_IDENTITY = "iPhone Developer";
				COPY_PHASE_STRIP = NO;
				CURRENT_PROJECT_VERSION = 1;
				DEBUG_INFORMATION_FORMAT = dwarf;
				ENABLE_STRICT_OBJC_MSGSEND = YES;
				ENABLE_TESTABILITY = YES;
				GCC_C_LANGUAGE_STANDARD = gnu11;
				GCC_DYNAMIC_NO_PIC = NO;
				GCC_NO_COMMON_BLOCKS = YES;
				GCC_OPTIMIZATION_LEVEL = 0;
				GCC_PREPROCESSOR_DEFINITIONS = (
					"DEBUG=1",
					"$(inherited)",
				);
				GCC_WARN_64_TO_32_BIT_CONVERSION = YES;
				GCC_WARN_ABOUT_RETURN_TYPE = YES_ERROR;
				GCC_WARN_UNDECLARED_SELECTOR = YES;
				GCC_WARN_UNINITIALIZED_AUTOS = YES_AGGRESSIVE;
				GCC_WARN_UNUSED_FUNCTION = YES;
				GCC_WARN_UNUSED_VARIABLE = YES;
				IPHONEOS_DEPLOYMENT_TARGET = 11.2;
				MTL_ENABLE_DEBUG_INFO = YES;
				ONLY_ACTIVE_ARCH = YES;
				SDKROOT = iphoneos;
				SWIFT_ACTIVE_COMPILATION_CONDITIONS = DEBUG;
				SWIFT_OPTIMIZATION_LEVEL = "-Onone";
				VERSIONING_SYSTEM = "apple-generic";
				VERSION_INFO_PREFIX = "";
			};
			name = Debug;
		};
		CB52FECA207409C40076ADEE /* Release */ = {
			isa = XCBuildConfiguration;
			buildSettings = {
				ALWAYS_SEARCH_USER_PATHS = NO;
				CLANG_ANALYZER_NONNULL = YES;
				CLANG_ANALYZER_NUMBER_OBJECT_CONVERSION = YES_AGGRESSIVE;
				CLANG_CXX_LANGUAGE_STANDARD = "gnu++14";
				CLANG_CXX_LIBRARY = "libc++";
				CLANG_ENABLE_MODULES = YES;
				CLANG_ENABLE_OBJC_ARC = YES;
				CLANG_ENABLE_OBJC_WEAK = YES;
				CLANG_WARN_BLOCK_CAPTURE_AUTORELEASING = YES;
				CLANG_WARN_BOOL_CONVERSION = YES;
				CLANG_WARN_COMMA = YES;
				CLANG_WARN_CONSTANT_CONVERSION = YES;
				CLANG_WARN_DEPRECATED_OBJC_IMPLEMENTATIONS = YES;
				CLANG_WARN_DIRECT_OBJC_ISA_USAGE = YES_ERROR;
				CLANG_WARN_DOCUMENTATION_COMMENTS = YES;
				CLANG_WARN_EMPTY_BODY = YES;
				CLANG_WARN_ENUM_CONVERSION = YES;
				CLANG_WARN_INFINITE_RECURSION = YES;
				CLANG_WARN_INT_CONVERSION = YES;
				CLANG_WARN_NON_LITERAL_NULL_CONVERSION = YES;
				CLANG_WARN_OBJC_IMPLICIT_RETAIN_SELF = YES;
				CLANG_WARN_OBJC_LITERAL_CONVERSION = YES;
				CLANG_WARN_OBJC_ROOT_CLASS = YES_ERROR;
				CLANG_WARN_RANGE_LOOP_ANALYSIS = YES;
				CLANG_WARN_STRICT_PROTOTYPES = YES;
				CLANG_WARN_SUSPICIOUS_MOVE = YES;
				CLANG_WARN_UNGUARDED_AVAILABILITY = YES_AGGRESSIVE;
				CLANG_WARN_UNREACHABLE_CODE = YES;
				CLANG_WARN__DUPLICATE_METHOD_MATCH = YES;
				CODE_SIGN_IDENTITY = "iPhone Developer";
				COPY_PHASE_STRIP = NO;
				CURRENT_PROJECT_VERSION = 1;
				DEBUG_INFORMATION_FORMAT = "dwarf-with-dsym";
				ENABLE_NS_ASSERTIONS = NO;
				ENABLE_STRICT_OBJC_MSGSEND = YES;
				GCC_C_LANGUAGE_STANDARD = gnu11;
				GCC_NO_COMMON_BLOCKS = YES;
				GCC_WARN_64_TO_32_BIT_CONVERSION = YES;
				GCC_WARN_ABOUT_RETURN_TYPE = YES_ERROR;
				GCC_WARN_UNDECLARED_SELECTOR = YES;
				GCC_WARN_UNINITIALIZED_AUTOS = YES_AGGRESSIVE;
				GCC_WARN_UNUSED_FUNCTION = YES;
				GCC_WARN_UNUSED_VARIABLE = YES;
				IPHONEOS_DEPLOYMENT_TARGET = 11.2;
				MTL_ENABLE_DEBUG_INFO = NO;
				SDKROOT = iphoneos;
				SWIFT_COMPILATION_MODE = wholemodule;
				SWIFT_OPTIMIZATION_LEVEL = "-O";
				VALIDATE_PRODUCT = YES;
				VERSIONING_SYSTEM = "apple-generic";
				VERSION_INFO_PREFIX = "";
			};
			name = Release;
		};
		CB52FECC207409C40076ADEE /* Debug */ = {
			isa = XCBuildConfiguration;
			buildSettings = {
				APPLICATION_EXTENSION_API_ONLY = YES;
				CLANG_ENABLE_MODULES = YES;
				CODE_SIGN_IDENTITY = "";
				CODE_SIGN_STYLE = Automatic;
				DEFINES_MODULE = YES;
				DEVELOPMENT_TEAM = M3DTZN9V9B;
				DYLIB_COMPATIBILITY_VERSION = 1;
				DYLIB_CURRENT_VERSION = 1;
				DYLIB_INSTALL_NAME_BASE = "@rpath";
				INFOPLIST_FILE = SHPartner/Info.plist;
				INSTALL_PATH = "$(LOCAL_LIBRARY_DIR)/Frameworks";
				LD_RUNPATH_SEARCH_PATHS = "$(inherited) @executable_path/Frameworks @loader_path/Frameworks";
				PRODUCT_BUNDLE_IDENTIFIER = de.telekom.SHPartner;
				PRODUCT_NAME = "$(TARGET_NAME:c99extidentifier)";
				SKIP_INSTALL = YES;
				SWIFT_OPTIMIZATION_LEVEL = "-Onone";
				SWIFT_VERSION = 4.0;
				TARGETED_DEVICE_FAMILY = "1,2";
			};
			name = Debug;
		};
		CB52FECD207409C40076ADEE /* Release */ = {
			isa = XCBuildConfiguration;
			buildSettings = {
				APPLICATION_EXTENSION_API_ONLY = YES;
				CLANG_ENABLE_MODULES = YES;
				CODE_SIGN_IDENTITY = "";
				CODE_SIGN_STYLE = Automatic;
				DEFINES_MODULE = YES;
				DEVELOPMENT_TEAM = M3DTZN9V9B;
				DYLIB_COMPATIBILITY_VERSION = 1;
				DYLIB_CURRENT_VERSION = 1;
				DYLIB_INSTALL_NAME_BASE = "@rpath";
				INFOPLIST_FILE = SHPartner/Info.plist;
				INSTALL_PATH = "$(LOCAL_LIBRARY_DIR)/Frameworks";
				LD_RUNPATH_SEARCH_PATHS = "$(inherited) @executable_path/Frameworks @loader_path/Frameworks";
				PRODUCT_BUNDLE_IDENTIFIER = de.telekom.SHPartner;
				PRODUCT_NAME = "$(TARGET_NAME:c99extidentifier)";
				SKIP_INSTALL = YES;
				SWIFT_VERSION = 4.0;
				TARGETED_DEVICE_FAMILY = "1,2";
			};
			name = Release;
		};
/* End XCBuildConfiguration section */

/* Begin XCConfigurationList section */
		CB44E633207566EE00C27497 /* Build configuration list for PBXNativeTarget "SHPartner-watch" */ = {
			isa = XCConfigurationList;
			buildConfigurations = (
				CB44E631207566EE00C27497 /* Debug */,
				CB44E632207566EE00C27497 /* Release */,
			);
			defaultConfigurationIsVisible = 0;
			defaultConfigurationName = Release;
		};
		CB52FEBD207409C40076ADEE /* Build configuration list for PBXProject "SHPartner" */ = {
			isa = XCConfigurationList;
			buildConfigurations = (
				CB52FEC9207409C40076ADEE /* Debug */,
				CB52FECA207409C40076ADEE /* Release */,
			);
			defaultConfigurationIsVisible = 0;
			defaultConfigurationName = Release;
		};
		CB52FECB207409C40076ADEE /* Build configuration list for PBXNativeTarget "SHPartner" */ = {
			isa = XCConfigurationList;
			buildConfigurations = (
				CB52FECC207409C40076ADEE /* Debug */,
				CB52FECD207409C40076ADEE /* Release */,
			);
			defaultConfigurationIsVisible = 0;
			defaultConfigurationName = Release;
		};
/* End XCConfigurationList section */
	};
	rootObject = CB52FEBA207409C40076ADEE /* Project object */;
}
